
Microsoft Visual Studio Solution File, Format Version 12.00
# Visual Studio Version 17
VisualStudioVersion = 17.9.34607.119
MinimumVisualStudioVersion = 10.0.40219.1
Project("{FAE04EC0-301F-11D3-BF4B-00C04F79EFBC}") = "FoodTruckFinderApp", "FoodTruckFinderApp\FoodTruckFinderApp.csproj", "{961EA9C7-C68A-44B6-80C8-BC1AF837A612}"
EndProject
Global
	GlobalSection(SolutionConfigurationPlatforms) = preSolution
		Debug|Any CPU = Debug|Any CPU
		Release|Any CPU = Release|Any CPU
	EndGlobalSection
	GlobalSection(ProjectConfigurationPlatforms) = postSolution
		{961EA9C7-C68A-44B6-80C8-BC1AF837A612}.Debug|Any CPU.ActiveCfg = Debug|Any CPU
		{961EA9C7-C68A-44B6-80C8-BC1AF837A612}.Debug|Any CPU.Build.0 = Debug|Any CPU
		{961EA9C7-C68A-44B6-80C8-BC1AF837A612}.Release|Any CPU.ActiveCfg = Release|Any CPU
		{961EA9C7-C68A-44B6-80C8-BC1AF837A612}.Release|Any CPU.Build.0 = Release|Any CPU
	EndGlobalSection
	GlobalSection(SolutionProperties) = preSolution
		HideSolutionNode = FALSE
	EndGlobalSection
	GlobalSection(ExtensibilityGlobals) = postSolution
		SolutionGuid = {AD23D559-3332-4206-97FB-CFC74E83E127}
	EndGlobalSection
EndGlobal
